
Microsoft Visual Studio Solution File, Format Version 11.00
# Visual Studio 2010
Project("{FAE04EC0-301F-11D3-BF4B-00C04F79EFBC}") = "Viaje", "Assembly-CSharp.csproj", "{588B2344-A642-AF99-14EE-DF89CFB2CE55}"
EndProject
Global
	GlobalSection(SolutionConfigurationPlatforms) = preSolution
		Debug|Any CPU = Debug|Any CPU
		Release|Any CPU = Release|Any CPU
	EndGlobalSection
	GlobalSection(ProjectConfigurationPlatforms) = postSolution
		{588B2344-A642-AF99-14EE-DF89CFB2CE55}.Debug|Any CPU.ActiveCfg = Debug|Any CPU
		{588B2344-A642-AF99-14EE-DF89CFB2CE55}.Debug|Any CPU.Build.0 = Debug|Any CPU
		{588B2344-A642-AF99-14EE-DF89CFB2CE55}.Release|Any CPU.ActiveCfg = Release|Any CPU
		{588B2344-A642-AF99-14EE-DF89CFB2CE55}.Release|Any CPU.Build.0 = Release|Any CPU
	EndGlobalSection
	GlobalSection(SolutionProperties) = preSolution
		HideSolutionNode = FALSE
	EndGlobalSection
	GlobalSection(MonoDevelopProperties) = preSolution
		StartupItem = Assembly-CSharp.csproj
	EndGlobalSection
EndGlobal
